
Microsoft Visual Studio Solution File, Format Version 12.00
# Visual Studio Version 17
VisualStudioVersion = 17.5.33516.290
MinimumVisualStudioVersion = 10.0.40219.1
Project("{FAE04EC0-301F-11D3-BF4B-00C04F79EFBC}") = "TA_UpdateMessageClass", "TA_UpdateMessageClass.csproj", "{DAE6BCAF-2BB7-43B8-870A-7FA63ADEF0E1}"
EndProject
Global
	GlobalSection(SolutionConfigurationPlatforms) = preSolution
		Debug|Any CPU = Debug|Any CPU
		Release|Any CPU = Release|Any CPU
	EndGlobalSection
	GlobalSection(ProjectConfigurationPlatforms) = postSolution
		{DAE6BCAF-2BB7-43B8-870A-7FA63ADEF0E1}.Debug|Any CPU.ActiveCfg = Debug|Any CPU
		{DAE6BCAF-2BB7-43B8-870A-7FA63ADEF0E1}.Debug|Any CPU.Build.0 = Debug|Any CPU
		{DAE6BCAF-2BB7-43B8-870A-7FA63ADEF0E1}.Release|Any CPU.ActiveCfg = Release|Any CPU
		{DAE6BCAF-2BB7-43B8-870A-7FA63ADEF0E1}.Release|Any CPU.Build.0 = Release|Any CPU
	EndGlobalSection
	GlobalSection(SolutionProperties) = preSolution
		HideSolutionNode = FALSE
	EndGlobalSection
	GlobalSection(ExtensibilityGlobals) = postSolution
		SolutionGuid = {6683BBBA-A819-4425-8874-D6F2BD53FC5F}
	EndGlobalSection
EndGlobal
